PODS:
  - Nimble (7.3.1)
  - SnapKit (4.2.0)

DEPENDENCIES:
  - Nimble (= 7.3.1)
  - SnapKit (= 4.2.0)

SPEC REPOS:
  https://github.com/CocoaPods/Specs.git:
    - Nimble
    - SnapKit

SPEC CHECKSUMS:
  Nimble: 04f732da099ea4d153122aec8c2a88fd0c7219ae
  SnapKit: fe8a619752f3f27075cc9a90244d75c6c3f27e2a

PODFILE CHECKSUM: 5007ccbf24280ab4ab0629a12d920ec26ed82716

COCOAPODS: 1.5.0
