// !$*UTF8*$!
{
	archiveVersion = 1;
	classes = {
	};
	objectVersion = 50;
	objects = {

/* Begin PBXBuildFile section */
		3F9539E4DDE79E4748CFA3AE /* Pods_groot.framework in Frameworks */ = {isa = PBXBuildFile; fileRef = B6604EBCD1E21951D89B2BE2 /* Pods_groot.framework */; };
		44975F61221385B100154FA5 /* AppDelegate.swift in Sources */ = {isa = PBXBuildFile; fileRef = 44975F60221385B100154FA5 /* AppDelegate.swift */; };
		44975F63221385B100154FA5 /* ViewController.swift in Sources */ = {isa = PBXBuildFile; fileRef = 44975F62221385B100154FA5 /* ViewController.swift */; };
		44975F66221385B100154FA5 /* Main.storyboard in Resources */ = {isa = PBXBuildFile; fileRef = 44975F64221385B100154FA5 /* Main.storyboard */; };
		44975F68221385B200154FA5 /* Assets.xcassets in Resources */ = {isa = PBXBuildFile; fileRef = 44975F67221385B200154FA5 /* Assets.xcassets */; };
		44975F6B221385B200154FA5 /* LaunchScreen.storyboard in Resources */ = {isa = PBXBuildFile; fileRef = 44975F69221385B200154FA5 /* LaunchScreen.storyboard */; };
		44975F76221385B300154FA5 /* grootTests.swift in Sources */ = {isa = PBXBuildFile; fileRef = 44975F75221385B300154FA5 /* grootTests.swift */; };
		44975F81221385B300154FA5 /* grootUITests.swift in Sources */ = {isa = PBXBuildFile; fileRef = 44975F80221385B300154FA5 /* grootUITests.swift */; };
		5DCB6CE16B929A9A65FC8B34 /* Pods_grootTests.framework in Frameworks */ = {isa = PBXBuildFile; fileRef = C69435A9802A2FF688AFE374 /* Pods_grootTests.framework */; };
		87A3592B5C94A016BCDD67A9 /* Pods_grootUITests.framework in Frameworks */ = {isa = PBXBuildFile; fileRef = FB1A89343B986F33C2519434 /* Pods_grootUITests.framework */; };
/* End PBXBuildFile section */

/* Begin PBXContainerItemProxy section */
		44975F72221385B300154FA5 /* PBXContainerItemProxy */ = {
			isa = PBXContainerItemProxy;
			containerPortal = 44975F55221385B100154FA5 /* Project object */;
			proxyType = 1;
			remoteGlobalIDString = 44975F5C221385B100154FA5;
			remoteInfo = groot;
		};
		44975F7D221385B300154FA5 /* PBXContainerItemProxy */ = {
			isa = PBXContainerItemProxy;
			containerPortal = 44975F55221385B100154FA5 /* Project object */;
			proxyType = 1;
			remoteGlobalIDString = 44975F5C221385B100154FA5;
			remoteInfo = groot;
		};
/* End PBXContainerItemProxy section */

/* Begin PBXFileReference section */
		27F1F4778E1B0B1515EE478B /* Pods-grootTests.debug.xcconfig */ = {isa = PBXFileReference; includeInIndex = 1; lastKnownFileType = text.xcconfig; name = "Pods-grootTests.debug.xcconfig"; path = "Pods/Target Support Files/Pods-grootTests/Pods-grootTests.debug.xcconfig"; sourceTree = "<group>"; };
		44975F5D221385B100154FA5 /* groot.app */ = {isa = PBXFileReference; explicitFileType = wrapper.application; includeInIndex = 0; path = groot.app; sourceTree = BUILT_PRODUCTS_DIR; };
		44975F60221385B100154FA5 /* AppDelegate.swift */ = {isa = PBXFileReference; lastKnownFileType = sourcecode.swift; path = AppDelegate.swift; sourceTree = "<group>"; };
		44975F62221385B100154FA5 /* ViewController.swift */ = {isa = PBXFileReference; lastKnownFileType = sourcecode.swift; path = ViewController.swift; sourceTree = "<group>"; };
		44975F65221385B100154FA5 /* Base */ = {isa = PBXFileReference; lastKnownFileType = file.storyboard; name = Base; path = Base.lproj/Main.storyboard; sourceTree = "<group>"; };
		44975F67221385B200154FA5 /* Assets.xcassets */ = {isa = PBXFileReference; lastKnownFileType = folder.assetcatalog; path = Assets.xcassets; sourceTree = "<group>"; };
		44975F6A221385B200154FA5 /* Base */ = {isa = PBXFileReference; lastKnownFileType = file.storyboard; name = Base; path = Base.lproj/LaunchScreen.storyboard; sourceTree = "<group>"; };
		44975F6C221385B200154FA5 /* Info.plist */ = {isa = PBXFileReference; lastKnownFileType = text.plist.xml; path = Info.plist; sourceTree = "<group>"; };
		44975F71221385B300154FA5 /* grootTests.xctest */ = {isa = PBXFileReference; explicitFileType = wrapper.cfbundle; includeInIndex = 0; path = grootTests.xctest; sourceTree = BUILT_PRODUCTS_DIR; };
		44975F75221385B300154FA5 /* grootTests.swift */ = {isa = PBXFileReference; lastKnownFileType = sourcecode.swift; path = grootTests.swift; sourceTree = "<group>"; };
		44975F77221385B300154FA5 /* Info.plist */ = {isa = PBXFileReference; lastKnownFileType = text.plist.xml; path = Info.plist; sourceTree = "<group>"; };
		44975F7C221385B300154FA5 /* grootUITests.xctest */ = {isa = PBXFileReference; explicitFileType = wrapper.cfbundle; includeInIndex = 0; path = grootUITests.xctest; sourceTree = BUILT_PRODUCTS_DIR; };
		44975F80221385B300154FA5 /* grootUITests.swift */ = {isa = PBXFileReference; lastKnownFileType = sourcecode.swift; path = grootUITests.swift; sourceTree = "<group>"; };
		44975F82221385B300154FA5 /* Info.plist */ = {isa = PBXFileReference; lastKnownFileType = text.plist.xml; path = Info.plist; sourceTree = "<group>"; };
		62B1FEEEAB024C3B03BB0A5D /* Pods-groot.release.xcconfig */ = {isa = PBXFileReference; includeInIndex = 1; lastKnownFileType = text.xcconfig; name = "Pods-groot.release.xcconfig"; path = "Pods/Target Support Files/Pods-groot/Pods-groot.release.xcconfig"; sourceTree = "<group>"; };
		667BA17EA33B2D703CCD8653 /* Pods-grootUITests.release.xcconfig */ = {isa = PBXFileReference; includeInIndex = 1; lastKnownFileType = text.xcconfig; name = "Pods-grootUITests.release.xcconfig"; path = "Pods/Target Support Files/Pods-grootUITests/Pods-grootUITests.release.xcconfig"; sourceTree = "<group>"; };
		B6604EBCD1E21951D89B2BE2 /* Pods_groot.framework */ = {isa = PBXFileReference; explicitFileType = wrapper.framework; includeInIndex = 0; path = Pods_groot.framework; sourceTree = BUILT_PRODUCTS_DIR; };
		C69435A9802A2FF688AFE374 /* Pods_grootTests.framework */ = {isa = PBXFileReference; explicitFileType = wrapper.framework; includeInIndex = 0; path = Pods_grootTests.framework; sourceTree = BUILT_PRODUCTS_DIR; };
		E4F2D08883ED628DD61720A8 /* Pods-groot.debug.xcconfig */ = {isa = PBXFileReference; includeInIndex = 1; lastKnownFileType = text.xcconfig; name = "Pods-groot.debug.xcconfig"; path = "Pods/Target Support Files/Pods-groot/Pods-groot.debug.xcconfig"; sourceTree = "<group>"; };
		E8BBB58A63B154ACBFAC818D /* Pods-grootTests.release.xcconfig */ = {isa = PBXFileReference; includeInIndex = 1; lastKnownFileType = text.xcconfig; name = "Pods-grootTests.release.xcconfig"; path = "Pods/Target Support Files/Pods-grootTests/Pods-grootTests.release.xcconfig"; sourceTree = "<group>"; };
		FB1A89343B986F33C2519434 /* Pods_grootUITests.framework */ = {isa = PBXFileReference; explicitFileType = wrapper.framework; includeInIndex = 0; path = Pods_grootUITests.framework; sourceTree = BUILT_PRODUCTS_DIR; };
		FE96CD290637E07F6855A497 /* Pods-grootUITests.debug.xcconfig */ = {isa = PBXFileReference; includeInIndex = 1; lastKnownFileType = text.xcconfig; name = "Pods-grootUITests.debug.xcconfig"; path = "Pods/Target Support Files/Pods-grootUITests/Pods-grootUITests.debug.xcconfig"; sourceTree = "<group>"; };
/* End PBXFileReference section */

/* Begin PBXFrameworksBuildPhase section */
		44975F5A221385B100154FA5 /* Frameworks */ = {
			isa = PBXFrameworksBuildPhase;
			buildActionMask = 2147483647;
			files = (
				3F9539E4DDE79E4748CFA3AE /* Pods_groot.framework in Frameworks */,
			);
			runOnlyForDeploymentPostprocessing = 0;
		};
		44975F6E221385B300154FA5 /* Frameworks */ = {
			isa = PBXFrameworksBuildPhase;
			buildActionMask = 2147483647;
			files = (
				5DCB6CE16B929A9A65FC8B34 /* Pods_grootTests.framework in Frameworks */,
			);
			runOnlyForDeploymentPostprocessing = 0;
		};
		44975F79221385B300154FA5 /* Frameworks */ = {
			isa = PBXFrameworksBuildPhase;
			buildActionMask = 2147483647;
			files = (
				87A3592B5C94A016BCDD67A9 /* Pods_grootUITests.framework in Frameworks */,
			);
			runOnlyForDeploymentPostprocessing = 0;
		};
/* End PBXFrameworksBuildPhase section */

/* Begin PBXGroup section */
		371B634ABBB45588DBE3E1B2 /* Pods */ = {
			isa = PBXGroup;
			children = (
				E4F2D08883ED628DD61720A8 /* Pods-groot.debug.xcconfig */,
				62B1FEEEAB024C3B03BB0A5D /* Pods-groot.release.xcconfig */,
				27F1F4778E1B0B1515EE478B /* Pods-grootTests.debug.xcconfig */,
				E8BBB58A63B154ACBFAC818D /* Pods-grootTests.release.xcconfig */,
				FE96CD290637E07F6855A497 /* Pods-grootUITests.debug.xcconfig */,
				667BA17EA33B2D703CCD8653 /* Pods-grootUITests.release.xcconfig */,
			);
			name = Pods;
			sourceTree = "<group>";
		};
		44975F54221385B100154FA5 = {
			isa = PBXGroup;
			children = (
				44975F5F221385B100154FA5 /* groot */,
				44975F74221385B300154FA5 /* grootTests */,
				44975F7F221385B300154FA5 /* grootUITests */,
				44975F5E221385B100154FA5 /* Products */,
				371B634ABBB45588DBE3E1B2 /* Pods */,
				6F9C79A83A230877549CE240 /* Frameworks */,
			);
			sourceTree = "<group>";
		};
		44975F5E221385B100154FA5 /* Products */ = {
			isa = PBXGroup;
			children = (
				44975F5D221385B100154FA5 /* groot.app */,
				44975F71221385B300154FA5 /* grootTests.xctest */,
				44975F7C221385B300154FA5 /* grootUITests.xctest */,
			);
			name = Products;
			sourceTree = "<group>";
		};
		44975F5F221385B100154FA5 /* groot */ = {
			isa = PBXGroup;
			children = (
				44975F60221385B100154FA5 /* AppDelegate.swift */,
				44975F62221385B100154FA5 /* ViewController.swift */,
				44975F64221385B100154FA5 /* Main.storyboard */,
				44975F67221385B200154FA5 /* Assets.xcassets */,
				44975F69221385B200154FA5 /* LaunchScreen.storyboard */,
				44975F6C221385B200154FA5 /* Info.plist */,
			);
			path = groot;
			sourceTree = "<group>";
		};
		44975F74221385B300154FA5 /* grootTests */ = {
			isa = PBXGroup;
			children = (
				44975F75221385B300154FA5 /* grootTests.swift */,
				44975F77221385B300154FA5 /* Info.plist */,
			);
			path = grootTests;
			sourceTree = "<group>";
		};
		44975F7F221385B300154FA5 /* grootUITests */ = {
			isa = PBXGroup;
			children = (
				44975F80221385B300154FA5 /* grootUITests.swift */,
				44975F82221385B300154FA5 /* Info.plist */,
			);
			path = grootUITests;
			sourceTree = "<group>";
		};
		6F9C79A83A230877549CE240 /* Frameworks */ = {
			isa = PBXGroup;
			children = (
				B6604EBCD1E21951D89B2BE2 /* Pods_groot.framework */,
				C69435A9802A2FF688AFE374 /* Pods_grootTests.framework */,
				FB1A89343B986F33C2519434 /* Pods_grootUITests.framework */,
			);
			name = Frameworks;
			sourceTree = "<group>";
		};
/* End PBXGroup section */

/* Begin PBXNativeTarget section */
		44975F5C221385B100154FA5 /* groot */ = {
			isa = PBXNativeTarget;
			buildConfigurationList = 44975F85221385B300154FA5 /* Build configuration list for PBXNativeTarget "groot" */;
			buildPhases = (
				A799C2307E9746C9590E1E56 /* [CP] Check Pods Manifest.lock */,
				44975F59221385B100154FA5 /* Sources */,
				44975F5A221385B100154FA5 /* Frameworks */,
				44975F5B221385B100154FA5 /* Resources */,
			);
			buildRules = (
			);
			dependencies = (
			);
			name = groot;
			productName = groot;
			productReference = 44975F5D221385B100154FA5 /* groot.app */;
			productType = "com.apple.product-type.application";
		};
		44975F70221385B300154FA5 /* grootTests */ = {
			isa = PBXNativeTarget;
			buildConfigurationList = 44975F88221385B300154FA5 /* Build configuration list for PBXNativeTarget "grootTests" */;
			buildPhases = (
				17072F53640E6E1350BE567D /* [CP] Check Pods Manifest.lock */,
				44975F6D221385B300154FA5 /* Sources */,
				44975F6E221385B300154FA5 /* Frameworks */,
				44975F6F221385B300154FA5 /* Resources */,
			);
			buildRules = (
			);
			dependencies = (
				44975F73221385B300154FA5 /* PBXTargetDependency */,
			);
			name = grootTests;
			productName = grootTests;
			productReference = 44975F71221385B300154FA5 /* grootTests.xctest */;
			productType = "com.apple.product-type.bundle.unit-test";
		};
		44975F7B221385B300154FA5 /* grootUITests */ = {
			isa = PBXNativeTarget;
			buildConfigurationList = 44975F8B221385B300154FA5 /* Build configuration list for PBXNativeTarget "grootUITests" */;
			buildPhases = (
				B596D0A37FB357F7D663DEA7 /* [CP] Check Pods Manifest.lock */,
				44975F78221385B300154FA5 /* Sources */,
				44975F79221385B300154FA5 /* Frameworks */,
				44975F7A221385B300154FA5 /* Resources */,
			);
			buildRules = (
			);
			dependencies = (
				44975F7E221385B300154FA5 /* PBXTargetDependency */,
			);
			name = grootUITests;
			productName = grootUITests;
			productReference = 44975F7C221385B300154FA5 /* grootUITests.xctest */;
			productType = "com.apple.product-type.bundle.ui-testing";
		};
/* End PBXNativeTarget section */

/* Begin PBXProject section */
		44975F55221385B100154FA5 /* Project object */ = {
			isa = PBXProject;
			attributes = {
				LastSwiftUpdateCheck = 1010;
				LastUpgradeCheck = 1010;
				ORGANIZATIONNAME = "Ronaldo Dorado II";
				TargetAttributes = {
					44975F5C221385B100154FA5 = {
						CreatedOnToolsVersion = 10.1;
					};
					44975F70221385B300154FA5 = {
						CreatedOnToolsVersion = 10.1;
						TestTargetID = 44975F5C221385B100154FA5;
					};
					44975F7B221385B300154FA5 = {
						CreatedOnToolsVersion = 10.1;
						TestTargetID = 44975F5C221385B100154FA5;
					};
				};
			};
			buildConfigurationList = 44975F58221385B100154FA5 /* Build configuration list for PBXProject "groot" */;
			compatibilityVersion = "Xcode 9.3";
			developmentRegion = en;
			hasScannedForEncodings = 0;
			knownRegions = (
				en,
				Base,
			);
			mainGroup = 44975F54221385B100154FA5;
			productRefGroup = 44975F5E221385B100154FA5 /* Products */;
			projectDirPath = "";
			projectRoot = "";
			targets = (
				44975F5C221385B100154FA5 /* groot */,
				44975F70221385B300154FA5 /* grootTests */,
				44975F7B221385B300154FA5 /* grootUITests */,
			);
		};
/* End PBXProject section */

/* Begin PBXResourcesBuildPhase section */
		44975F5B221385B100154FA5 /* Resources */ = {
			isa = PBXResourcesBuildPhase;
			buildActionMask = 2147483647;
			files = (
				44975F6B221385B200154FA5 /* LaunchScreen.storyboard in Resources */,
				44975F68221385B200154FA5 /* Assets.xcassets in Resources */,
				44975F66221385B100154FA5 /* Main.storyboard in Resources */,
			);
			runOnlyForDeploymentPostprocessing = 0;
		};
		44975F6F221385B300154FA5 /* Resources */ = {
			isa = PBXResourcesBuildPhase;
			buildActionMask = 2147483647;
			files = (
			);
			runOnlyForDeploymentPostprocessing = 0;
		};
		44975F7A221385B300154FA5 /* Resources */ = {
			isa = PBXResourcesBuildPhase;
			buildActionMask = 2147483647;
			files = (
			);
			runOnlyForDeploymentPostprocessing = 0;
		};
/* End PBXResourcesBuildPhase section */

/* Begin PBXShellScriptBuildPhase section */
		17072F53640E6E1350BE567D /* [CP] Check Pods Manifest.lock */ = {
			isa = PBXShellScriptBuildPhase;
			buildActionMask = 2147483647;
			files = (
			);
			inputFileListPaths = (
			);
			inputPaths = (
				"${PODS_PODFILE_DIR_PATH}/Podfile.lock",
				"${PODS_ROOT}/Manifest.lock",
			);
			name = "[CP] Check Pods Manifest.lock";
			outputFileListPaths = (
			);
			outputPaths = (
				"$(DERIVED_FILE_DIR)/Pods-grootTests-checkManifestLockResult.txt",
			);
			runOnlyForDeploymentPostprocessing = 0;
			shellPath = /bin/sh;
			shellScript = "diff \"${PODS_PODFILE_DIR_PATH}/Podfile.lock\" \"${PODS_ROOT}/Manifest.lock\" > /dev/null\nif [ $? != 0 ] ; then\n    # print error to STDERR\n    echo \"error: The sandbox is not in sync with the Podfile.lock. Run 'pod install' or update your CocoaPods installation.\" >&2\n    exit 1\nfi\n# This output is used by Xcode 'outputs' to avoid re-running this script phase.\necho \"SUCCESS\" > \"${SCRIPT_OUTPUT_FILE_0}\"\n";
			showEnvVarsInLog = 0;
		};
		A799C2307E9746C9590E1E56 /* [CP] Check Pods Manifest.lock */ = {
			isa = PBXShellScriptBuildPhase;
			buildActionMask = 2147483647;
			files = (
			);
			inputFileListPaths = (
			);
			inputPaths = (
				"${PODS_PODFILE_DIR_PATH}/Podfile.lock",
				"${PODS_ROOT}/Manifest.lock",
			);
			name = "[CP] Check Pods Manifest.lock";
			outputFileListPaths = (
			);
			outputPaths = (
				"$(DERIVED_FILE_DIR)/Pods-groot-checkManifestLockResult.txt",
			);
			runOnlyForDeploymentPostprocessing = 0;
			shellPath = /bin/sh;
			shellScript = "diff \"${PODS_PODFILE_DIR_PATH}/Podfile.lock\" \"${PODS_ROOT}/Manifest.lock\" > /dev/null\nif [ $? != 0 ] ; then\n    # print error to STDERR\n    echo \"error: The sandbox is not in sync with the Podfile.lock. Run 'pod install' or update your CocoaPods installation.\" >&2\n    exit 1\nfi\n# This output is used by Xcode 'outputs' to avoid re-running this script phase.\necho \"SUCCESS\" > \"${SCRIPT_OUTPUT_FILE_0}\"\n";
			showEnvVarsInLog = 0;
		};
		B596D0A37FB357F7D663DEA7 /* [CP] Check Pods Manifest.lock */ = {
			isa = PBXShellScriptBuildPhase;
			buildActionMask = 2147483647;
			files = (
			);
			inputFileListPaths = (
			);
			inputPaths = (
				"${PODS_PODFILE_DIR_PATH}/Podfile.lock",
				"${PODS_ROOT}/Manifest.lock",
			);
			name = "[CP] Check Pods Manifest.lock";
			outputFileListPaths = (
			);
			outputPaths = (
				"$(DERIVED_FILE_DIR)/Pods-grootUITests-checkManifestLockResult.txt",
			);
			runOnlyForDeploymentPostprocessing = 0;
			shellPath = /bin/sh;
			shellScript = "diff \"${PODS_PODFILE_DIR_PATH}/Podfile.lock\" \"${PODS_ROOT}/Manifest.lock\" > /dev/null\nif [ $? != 0 ] ; then\n    # print error to STDERR\n    echo \"error: The sandbox is not in sync with the Podfile.lock. Run 'pod install' or update your CocoaPods installation.\" >&2\n    exit 1\nfi\n# This output is used by Xcode 'outputs' to avoid re-running this script phase.\necho \"SUCCESS\" > \"${SCRIPT_OUTPUT_FILE_0}\"\n";
			showEnvVarsInLog = 0;
		};
/* End PBXShellScriptBuildPhase section */

/* Begin PBXSourcesBuildPhase section */
		44975F59221385B100154FA5 /* Sources */ = {
			isa = PBXSourcesBuildPhase;
			buildActionMask = 2147483647;
			files = (
				44975F63221385B100154FA5 /* ViewController.swift in Sources */,
				44975F61221385B100154FA5 /* AppDelegate.swift in Sources */,
			);
			runOnlyForDeploymentPostprocessing = 0;
		};
		44975F6D221385B300154FA5 /* Sources */ = {
			isa = PBXSourcesBuildPhase;
			buildActionMask = 2147483647;
			files = (
				44975F76221385B300154FA5 /* grootTests.swift in Sources */,
			);
			runOnlyForDeploymentPostprocessing = 0;
		};
		44975F78221385B300154FA5 /* Sources */ = {
			isa = PBXSourcesBuildPhase;
			buildActionMask = 2147483647;
			files = (
				44975F81221385B300154FA5 /* grootUITests.swift in Sources */,
			);
			runOnlyForDeploymentPostprocessing = 0;
		};
/* End PBXSourcesBuildPhase section */

/* Begin PBXTargetDependency section */
		44975F73221385B300154FA5 /* PBXTargetDependency */ = {
			isa = PBXTargetDependency;
			target = 44975F5C221385B100154FA5 /* groot */;
			targetProxy = 44975F72221385B300154FA5 /* PBXContainerItemProxy */;
		};
		44975F7E221385B300154FA5 /* PBXTargetDependency */ = {
			isa = PBXTargetDependency;
			target = 44975F5C221385B100154FA5 /* groot */;
			targetProxy = 44975F7D221385B300154FA5 /* PBXContainerItemProxy */;
		};
/* End PBXTargetDependency section */

/* Begin PBXVariantGroup section */
		44975F64221385B100154FA5 /* Main.storyboard */ = {
			isa = PBXVariantGroup;
			children = (
				44975F65221385B100154FA5 /* Base */,
			);
			name = Main.storyboard;
			sourceTree = "<group>";
		};
		44975F69221385B200154FA5 /* LaunchScreen.storyboard */ = {
			isa = PBXVariantGroup;
			children = (
				44975F6A221385B200154FA5 /* Base */,
			);
			name = LaunchScreen.storyboard;
			sourceTree = "<group>";
		};
/* End PBXVariantGroup section */

/* Begin XCBuildConfiguration section */
		44975F83221385B300154FA5 /* Debug */ = {
			isa = XCBuildConfiguration;
			buildSettings = {
				ALWAYS_SEARCH_USER_PATHS = NO;
				CLANG_ANALYZER_NONNULL = YES;
				CLANG_ANALYZER_NUMBER_OBJECT_CONVERSION = YES_AGGRESSIVE;
				CLANG_CXX_LANGUAGE_STANDARD = "gnu++14";
				CLANG_CXX_LIBRARY = "libc++";
				CLANG_ENABLE_MODULES = YES;
				CLANG_ENABLE_OBJC_ARC = YES;
				CLANG_ENABLE_OBJC_WEAK = YES;
				CLANG_WARN_BLOCK_CAPTURE_AUTORELEASING = YES;
				CLANG_WARN_BOOL_CONVERSION = YES;
				CLANG_WARN_COMMA = YES;
				CLANG_WARN_CONSTANT_CONVERSION = YES;
				CLANG_WARN_DEPRECATED_OBJC_IMPLEMENTATIONS = YES;
				CLANG_WARN_DIRECT_OBJC_ISA_USAGE = YES_ERROR;
				CLANG_WARN_DOCUMENTATION_COMMENTS = YES;
				CLANG_WARN_EMPTY_BODY = YES;
				CLANG_WARN_ENUM_CONVERSION = YES;
				CLANG_WARN_INFINITE_RECURSION = YES;
				CLANG_WARN_INT_CONVERSION = YES;
				CLANG_WARN_NON_LITERAL_NULL_CONVERSION = YES;
				CLANG_WARN_OBJC_IMPLICIT_RETAIN_SELF = YES;
				CLANG_WARN_OBJC_LITERAL_CONVERSION = YES;
				CLANG_WARN_OBJC_ROOT_CLASS = YES_ERROR;
				CLANG_WARN_RANGE_LOOP_ANALYSIS = YES;
				CLANG_WARN_STRICT_PROTOTYPES = YES;
				CLANG_WARN_SUSPICIOUS_MOVE = YES;
				CLANG_WARN_UNGUARDED_AVAILABILITY = YES_AGGRESSIVE;
				CLANG_WARN_UNREACHABLE_CODE = YES;
				CLANG_WARN__DUPLICATE_METHOD_MATCH = YES;
				CODE_SIGN_IDENTITY = "iPhone Developer";
				COPY_PHASE_STRIP = NO;
				DEBUG_INFORMATION_FORMAT = dwarf;
				ENABLE_STRICT_OBJC_MSGSEND = YES;
				ENABLE_TESTABILITY = YES;
				GCC_C_LANGUAGE_STANDARD = gnu11;
				GCC_DYNAMIC_NO_PIC = NO;
				GCC_NO_COMMON_BLOCKS = YES;
				GCC_OPTIMIZATION_LEVEL = 0;
				GCC_PREPROCESSOR_DEFINITIONS = (
					"DEBUG=1",
					"$(inherited)",
				);
				GCC_WARN_64_TO_32_BIT_CONVERSION = YES;
				GCC_WARN_ABOUT_RETURN_TYPE = YES_ERROR;
				GCC_WARN_UNDECLARED_SELECTOR = YES;
				GCC_WARN_UNINITIALIZED_AUTOS = YES_AGGRESSIVE;
				GCC_WARN_UNUSED_FUNCTION = YES;
				GCC_WARN_UNUSED_VARIABLE = YES;
				IPHONEOS_DEPLOYMENT_TARGET = 10.0;
				LD_RUNPATH_SEARCH_PATHS = "$(FRAMEWORK_SEARCH_PATHS)";
				MTL_ENABLE_DEBUG_INFO = INCLUDE_SOURCE;
				MTL_FAST_MATH = YES;
				ONLY_ACTIVE_ARCH = YES;
				SDKROOT = iphoneos;
				SWIFT_ACTIVE_COMPILATION_CONDITIONS = DEBUG;
				SWIFT_OPTIMIZATION_LEVEL = "-Onone";
				SWIFT_VERSION = 4.2;
			};
			name = Debug;
		};
		44975F84221385B300154FA5 /* Release */ = {
			isa = XCBuildConfiguration;
			buildSettings = {
				ALWAYS_SEARCH_USER_PATHS = NO;
				CLANG_ANALYZER_NONNULL = YES;
				CLANG_ANALYZER_NUMBER_OBJECT_CONVERSION = YES_AGGRESSIVE;
				CLANG_CXX_LANGUAGE_STANDARD = "gnu++14";
				CLANG_CXX_LIBRARY = "libc++";
				CLANG_ENABLE_MODULES = YES;
				CLANG_ENABLE_OBJC_ARC = YES;
				CLANG_ENABLE_OBJC_WEAK = YES;
				CLANG_WARN_BLOCK_CAPTURE_AUTORELEASING = YES;
				CLANG_WARN_BOOL_CONVERSION = YES;
				CLANG_WARN_COMMA = YES;
				CLANG_WARN_CONSTANT_CONVERSION = YES;
				CLANG_WARN_DEPRECATED_OBJC_IMPLEMENTATIONS = YES;
				CLANG_WARN_DIRECT_OBJC_ISA_USAGE = YES_ERROR;
				CLANG_WARN_DOCUMENTATION_COMMENTS = YES;
				CLANG_WARN_EMPTY_BODY = YES;
				CLANG_WARN_ENUM_CONVERSION = YES;
				CLANG_WARN_INFINITE_RECURSION = YES;
				CLANG_WARN_INT_CONVERSION = YES;
				CLANG_WARN_NON_LITERAL_NULL_CONVERSION = YES;
				CLANG_WARN_OBJC_IMPLICIT_RETAIN_SELF = YES;
				CLANG_WARN_OBJC_LITERAL_CONVERSION = YES;
				CLANG_WARN_OBJC_ROOT_CLASS = YES_ERROR;
				CLANG_WARN_RANGE_LOOP_ANALYSIS = YES;
				CLANG_WARN_STRICT_PROTOTYPES = YES;
				CLANG_WARN_SUSPICIOUS_MOVE = YES;
				CLANG_WARN_UNGUARDED_AVAILABILITY = YES_AGGRESSIVE;
				CLANG_WARN_UNREACHABLE_CODE = YES;
				CLANG_WARN__DUPLICATE_METHOD_MATCH = YES;
				CODE_SIGN_IDENTITY = "iPhone Developer";
				COPY_PHASE_STRIP = NO;
				DEBUG_INFORMATION_FORMAT = "dwarf-with-dsym";
				ENABLE_NS_ASSERTIONS = NO;
				ENABLE_STRICT_OBJC_MSGSEND = YES;
				GCC_C_LANGUAGE_STANDARD = gnu11;
				GCC_NO_COMMON_BLOCKS = YES;
				GCC_WARN_64_TO_32_BIT_CONVERSION = YES;
				GCC_WARN_ABOUT_RETURN_TYPE = YES_ERROR;
				GCC_WARN_UNDECLARED_SELECTOR = YES;
				GCC_WARN_UNINITIALIZED_AUTOS = YES_AGGRESSIVE;
				GCC_WARN_UNUSED_FUNCTION = YES;
				GCC_WARN_UNUSED_VARIABLE = YES;
				IPHONEOS_DEPLOYMENT_TARGET = 10.0;
				LD_RUNPATH_SEARCH_PATHS = "$(FRAMEWORK_SEARCH_PATHS)";
				MTL_ENABLE_DEBUG_INFO = NO;
				MTL_FAST_MATH = YES;
				SDKROOT = iphoneos;
				SWIFT_COMPILATION_MODE = wholemodule;
				SWIFT_OPTIMIZATION_LEVEL = "-O";
				SWIFT_VERSION = 4.2;
				VALIDATE_PRODUCT = YES;
			};
			name = Release;
		};
		44975F86221385B300154FA5 /* Debug */ = {
			isa = XCBuildConfiguration;
			baseConfigurationReference = E4F2D08883ED628DD61720A8 /* Pods-groot.debug.xcconfig */;
			buildSettings = {
				ASSETCATALOG_COMPILER_APPICON_NAME = AppIcon;
				CODE_SIGN_STYLE = Manual;
				DEVELOPMENT_TEAM = AP4UA2XZ78;
				INFOPLIST_FILE = groot/Info.plist;
				LD_RUNPATH_SEARCH_PATHS = (
					"$(inherited)",
					"@executable_path/Frameworks",
					"$(FRAMEWORK_SEARCH_PATHS)",
				);
				PRODUCT_BUNDLE_IDENTIFIER = "com.tyro.merchant-banking-app";
				PRODUCT_NAME = "$(TARGET_NAME)";
				PROVISIONING_PROFILE_SPECIFIER = "Merchant Banking App Development Profile";
				SWIFT_VERSION = 4.2;
				TARGETED_DEVICE_FAMILY = "1,2";
			};
			name = Debug;
		};
		44975F87221385B300154FA5 /* Release */ = {
			isa = XCBuildConfiguration;
			baseConfigurationReference = 62B1FEEEAB024C3B03BB0A5D /* Pods-groot.release.xcconfig */;
			buildSettings = {
				ASSETCATALOG_COMPILER_APPICON_NAME = AppIcon;
				CODE_SIGN_STYLE = Manual;
				DEVELOPMENT_TEAM = "";
				INFOPLIST_FILE = groot/Info.plist;
				LD_RUNPATH_SEARCH_PATHS = (
					"$(inherited)",
					"@executable_path/Frameworks",
					"$(FRAMEWORK_SEARCH_PATHS)",
				);
				PRODUCT_BUNDLE_IDENTIFIER = "com.tyro.merchant-banking-app";
				PRODUCT_NAME = "$(TARGET_NAME)";
				PROVISIONING_PROFILE_SPECIFIER = "";
				SWIFT_VERSION = 4.2;
				TARGETED_DEVICE_FAMILY = "1,2";
			};
			name = Release;
		};
		44975F89221385B300154FA5 /* Debug */ = {
			isa = XCBuildConfiguration;
			baseConfigurationReference = 27F1F4778E1B0B1515EE478B /* Pods-grootTests.debug.xcconfig */;
			buildSettings = {
				ALWAYS_EMBED_SWIFT_STANDARD_LIBRARIES = YES;
				BUNDLE_LOADER = "$(TEST_HOST)";
				CODE_SIGN_IDENTITY = "iPhone Developer";
				CODE_SIGN_STYLE = Automatic;
				DEVELOPMENT_TEAM = "";
				INFOPLIST_FILE = grootTests/Info.plist;
				LD_RUNPATH_SEARCH_PATHS = "$(inherited)";
				PRODUCT_BUNDLE_IDENTIFIER = "com.tyro.merchant-banking-app.grootTests";
				PRODUCT_NAME = "$(TARGET_NAME)";
				PROVISIONING_PROFILE_SPECIFIER = "";
				SWIFT_VERSION = 4.2;
				TARGETED_DEVICE_FAMILY = "1,2";
				TEST_HOST = "$(BUILT_PRODUCTS_DIR)/groot.app/groot";
			};
			name = Debug;
		};
		44975F8A221385B300154FA5 /* Release */ = {
			isa = XCBuildConfiguration;
			baseConfigurationReference = E8BBB58A63B154ACBFAC818D /* Pods-grootTests.release.xcconfig */;
			buildSettings = {
				ALWAYS_EMBED_SWIFT_STANDARD_LIBRARIES = YES;
				BUNDLE_LOADER = "$(TEST_HOST)";
				CODE_SIGN_IDENTITY = "iPhone Developer";
				CODE_SIGN_STYLE = Automatic;
				DEVELOPMENT_TEAM = "";
				INFOPLIST_FILE = grootTests/Info.plist;
				LD_RUNPATH_SEARCH_PATHS = "$(inherited)";
				PRODUCT_BUNDLE_IDENTIFIER = "com.tyro.merchant-banking-app.grootTests";
				PRODUCT_NAME = "$(TARGET_NAME)";
				PROVISIONING_PROFILE_SPECIFIER = "";
				SWIFT_VERSION = 4.2;
				TARGETED_DEVICE_FAMILY = "1,2";
				TEST_HOST = "$(BUILT_PRODUCTS_DIR)/groot.app/groot";
			};
			name = Release;
		};
		44975F8C221385B300154FA5 /* Debug */ = {
			isa = XCBuildConfiguration;
			baseConfigurationReference = FE96CD290637E07F6855A497 /* Pods-grootUITests.debug.xcconfig */;
			buildSettings = {
				ALWAYS_EMBED_SWIFT_STANDARD_LIBRARIES = YES;
				CODE_SIGN_IDENTITY = "iPhone Developer";
				CODE_SIGN_STYLE = Automatic;
				DEVELOPMENT_TEAM = "";
				INFOPLIST_FILE = grootUITests/Info.plist;
				LD_RUNPATH_SEARCH_PATHS = (
					"$(inherited)",
					"$(FRAMEWORK_SEARCH_PATHS)",
				);
				PRODUCT_BUNDLE_IDENTIFIER = "com.tyro.merchant-banking-app.grootUITests";
				PRODUCT_NAME = "$(TARGET_NAME)";
				PROVISIONING_PROFILE_SPECIFIER = "";
				SWIFT_VERSION = 4.2;
				TARGETED_DEVICE_FAMILY = "1,2";
				TEST_TARGET_NAME = groot;
			};
			name = Debug;
		};
		44975F8D221385B300154FA5 /* Release */ = {
			isa = XCBuildConfiguration;
			baseConfigurationReference = 667BA17EA33B2D703CCD8653 /* Pods-grootUITests.release.xcconfig */;
			buildSettings = {
				ALWAYS_EMBED_SWIFT_STANDARD_LIBRARIES = YES;
				CODE_SIGN_IDENTITY = "iPhone Developer";
				CODE_SIGN_STYLE = Automatic;
				DEVELOPMENT_TEAM = "";
				INFOPLIST_FILE = grootUITests/Info.plist;
				LD_RUNPATH_SEARCH_PATHS = (
					"$(inherited)",
					"$(FRAMEWORK_SEARCH_PATHS)",
				);
				PRODUCT_BUNDLE_IDENTIFIER = "com.tyro.merchant-banking-app.grootUITests";
				PRODUCT_NAME = "$(TARGET_NAME)";
				PROVISIONING_PROFILE_SPECIFIER = "";
				SWIFT_VERSION = 4.2;
				TARGETED_DEVICE_FAMILY = "1,2";
				TEST_TARGET_NAME = groot;
			};
			name = Release;
		};
/* End XCBuildConfiguration section */

/* Begin XCConfigurationList section */
		44975F58221385B100154FA5 /* Build configuration list for PBXProject "groot" */ = {
			isa = XCConfigurationList;
			buildConfigurations = (
				44975F83221385B300154FA5 /* Debug */,
				44975F84221385B300154FA5 /* Release */,
			);
			defaultConfigurationIsVisible = 0;
			defaultConfigurationName = Release;
		};
		44975F85221385B300154FA5 /* Build configuration list for PBXNativeTarget "groot" */ = {
			isa = XCConfigurationList;
			buildConfigurations = (
				44975F86221385B300154FA5 /* Debug */,
				44975F87221385B300154FA5 /* Release */,
			);
			defaultConfigurationIsVisible = 0;
			defaultConfigurationName = Release;
		};
		44975F88221385B300154FA5 /* Build configuration list for PBXNativeTarget "grootTests" */ = {
			isa = XCConfigurationList;
			buildConfigurations = (
				44975F89221385B300154FA5 /* Debug */,
				44975F8A221385B300154FA5 /* Release */,
			);
			defaultConfigurationIsVisible = 0;
			defaultConfigurationName = Release;
		};
		44975F8B221385B300154FA5 /* Build configuration list for PBXNativeTarget "grootUITests" */ = {
			isa = XCConfigurationList;
			buildConfigurations = (
				44975F8C221385B300154FA5 /* Debug */,
				44975F8D221385B300154FA5 /* Release */,
			);
			defaultConfigurationIsVisible = 0;
			defaultConfigurationName = Release;
		};
/* End XCConfigurationList section */
	};
	rootObject = 44975F55221385B100154FA5 /* Project object */;
}
